{
    "_readme": [
        "This file locks the dependencies of your project to a known state",
        "Read more about it at https://getcomposer.org/doc/01-basic-usage.md#installing-dependencies",
        "This file is @generated automatically"
    ],
    "content-hash": "3624db44914ca1b07bce221eb1c12a37",
    "packages": [],
    "packages-dev": [],
    "aliases": [],
    "minimum-stability": "stable",
    "stability-flags": {},
    "prefer-stable": false,
    "prefer-lowest": false,
    "platform": {
        "php": "^8.2",
        "ext-json": "*",
        "ext-pdo": "*",
        "ext-pdo_mysql": "*"
    },
    "platform-dev": {},
    "plugin-api-version": "2.6.0"
}
